
Microsoft Visual Studio Solution File, Format Version 12.00
# Visual Studio Version 17
VisualStudioVersion = 17.14.36301.6 d17.14
MinimumVisualStudioVersion = 10.0.40219.1
Project("{FAE04EC0-301F-11D3-BF4B-00C04F79EFBC}") = "ComeCat", "ComeCat.csproj", "{FA45A646-05C6-4BF6-891F-16636F740028}"
EndProject
Global
	GlobalSection(SolutionConfigurationPlatforms) = preSolution
		Debug|Any CPU = Debug|Any CPU
		Release|Any CPU = Release|Any CPU
	EndGlobalSection
	GlobalSection(ProjectConfigurationPlatforms) = postSolution
		{FA45A646-05C6-4BF6-891F-16636F740028}.Debug|Any CPU.ActiveCfg = Debug|Any CPU
		{FA45A646-05C6-4BF6-891F-16636F740028}.Debug|Any CPU.Build.0 = Debug|Any CPU
		{FA45A646-05C6-4BF6-891F-16636F740028}.Release|Any CPU.ActiveCfg = Release|Any CPU
		{FA45A646-05C6-4BF6-891F-16636F740028}.Release|Any CPU.Build.0 = Release|Any CPU
	EndGlobalSection
	GlobalSection(SolutionProperties) = preSolution
		HideSolutionNode = FALSE
	EndGlobalSection
	GlobalSection(ExtensibilityGlobals) = postSolution
		SolutionGuid = {02CCB7CA-A8B4-44B2-A975-35D45B239AC5}
	EndGlobalSection
EndGlobal
