
Microsoft Visual Studio Solution File, Format Version 12.00
# Visual Studio Version 17
VisualStudioVersion = 17.14.36408.4 d17.14
MinimumVisualStudioVersion = 10.0.40219.1
Project("{FAE04EC0-301F-11D3-BF4B-00C04F79EFBC}") = "ComeCatTest", "ComeCatTest.csproj", "{74499790-FA33-4361-B608-D2FF7E19810C}"
EndProject
Global
	GlobalSection(SolutionConfigurationPlatforms) = preSolution
		Debug|Any CPU = Debug|Any CPU
		Release|Any CPU = Release|Any CPU
	EndGlobalSection
	GlobalSection(ProjectConfigurationPlatforms) = postSolution
		{74499790-FA33-4361-B608-D2FF7E19810C}.Debug|Any CPU.ActiveCfg = Debug|Any CPU
		{74499790-FA33-4361-B608-D2FF7E19810C}.Debug|Any CPU.Build.0 = Debug|Any CPU
		{74499790-FA33-4361-B608-D2FF7E19810C}.Release|Any CPU.ActiveCfg = Release|Any CPU
		{74499790-FA33-4361-B608-D2FF7E19810C}.Release|Any CPU.Build.0 = Release|Any CPU
	EndGlobalSection
	GlobalSection(SolutionProperties) = preSolution
		HideSolutionNode = FALSE
	EndGlobalSection
	GlobalSection(ExtensibilityGlobals) = postSolution
		SolutionGuid = {207400FC-BA6E-43C4-AF12-293717C68D91}
	EndGlobalSection
EndGlobal
