
Microsoft Visual Studio Solution File, Format Version 12.00
# Visual Studio Version 17
VisualStudioVersion = 17.14.36408.4 d17.14
MinimumVisualStudioVersion = 10.0.40219.1
Project("{FAE04EC0-301F-11D3-BF4B-00C04F79EFBC}") = "ComeCatTest", "ComeCatTest.csproj", "{30FD1F61-28E9-4581-9323-04E2FB05D1E3}"
EndProject
Global
	GlobalSection(SolutionConfigurationPlatforms) = preSolution
		Debug|Any CPU = Debug|Any CPU
		Release|Any CPU = Release|Any CPU
	EndGlobalSection
	GlobalSection(ProjectConfigurationPlatforms) = postSolution
		{30FD1F61-28E9-4581-9323-04E2FB05D1E3}.Debug|Any CPU.ActiveCfg = Debug|Any CPU
		{30FD1F61-28E9-4581-9323-04E2FB05D1E3}.Debug|Any CPU.Build.0 = Debug|Any CPU
		{30FD1F61-28E9-4581-9323-04E2FB05D1E3}.Release|Any CPU.ActiveCfg = Release|Any CPU
		{30FD1F61-28E9-4581-9323-04E2FB05D1E3}.Release|Any CPU.Build.0 = Release|Any CPU
	EndGlobalSection
	GlobalSection(SolutionProperties) = preSolution
		HideSolutionNode = FALSE
	EndGlobalSection
	GlobalSection(ExtensibilityGlobals) = postSolution
		SolutionGuid = {ABD995E5-882C-43D5-9E15-B0FB9AE6941E}
	EndGlobalSection
EndGlobal
